
Microsoft Visual Studio Solution File, Format Version 12.00
# Visual Studio 14
VisualStudioVersion = 14.0.25123.0
MinimumVisualStudioVersion = 10.0.40219.1
Project("{FAE04EC0-301F-11D3-BF4B-00C04F79EFBC}") = "MvcAppClient", "MvcAppClient\MvcAppClient.csproj", "{92E0111B-EB5D-46C6-B5CB-E522F57DC58D}"
EndProject
Global
	GlobalSection(SolutionConfigurationPlatforms) = preSolution
		Debug|Any CPU = Debug|Any CPU
		Release|Any CPU = Release|Any CPU
	EndGlobalSection
	GlobalSection(ProjectConfigurationPlatforms) = postSolution
		{92E0111B-EB5D-46C6-B5CB-E522F57DC58D}.Debug|Any CPU.ActiveCfg = Debug|Any CPU
		{92E0111B-EB5D-46C6-B5CB-E522F57DC58D}.Debug|Any CPU.Build.0 = Debug|Any CPU
		{92E0111B-EB5D-46C6-B5CB-E522F57DC58D}.Release|Any CPU.ActiveCfg = Release|Any CPU
		{92E0111B-EB5D-46C6-B5CB-E522F57DC58D}.Release|Any CPU.Build.0 = Release|Any CPU
	EndGlobalSection
	GlobalSection(SolutionProperties) = preSolution
		HideSolutionNode = FALSE
	EndGlobalSection
EndGlobal
